
Microsoft Visual Studio Solution File, Format Version 12.00
# Visual Studio Version 16
VisualStudioVersion = 16.0.32126.315
MinimumVisualStudioVersion = 10.0.40219.1
Project("{8BC9CEB8-8B4A-11D0-8D11-00A0C91BC942}") = "Complex V2", "Complex V2.vcxproj", "{FAFE66E7-1127-407D-8CE8-5FBF26620A46}"
EndProject
Global
	GlobalSection(SolutionConfigurationPlatforms) = preSolution
		Debug|x64 = Debug|x64
		Debug|x86 = Debug|x86
		Release|x64 = Release|x64
		Release|x86 = Release|x86
	EndGlobalSection
	GlobalSection(ProjectConfigurationPlatforms) = postSolution
		{FAFE66E7-1127-407D-8CE8-5FBF26620A46}.Debug|x64.ActiveCfg = Debug|x64
		{FAFE66E7-1127-407D-8CE8-5FBF26620A46}.Debug|x64.Build.0 = Debug|x64
		{FAFE66E7-1127-407D-8CE8-5FBF26620A46}.Debug|x86.ActiveCfg = Debug|Win32
		{FAFE66E7-1127-407D-8CE8-5FBF26620A46}.Debug|x86.Build.0 = Debug|Win32
		{FAFE66E7-1127-407D-8CE8-5FBF26620A46}.Release|x64.ActiveCfg = Release|x64
		{FAFE66E7-1127-407D-8CE8-5FBF26620A46}.Release|x64.Build.0 = Release|x64
		{FAFE66E7-1127-407D-8CE8-5FBF26620A46}.Release|x86.ActiveCfg = Release|Win32
		{FAFE66E7-1127-407D-8CE8-5FBF26620A46}.Release|x86.Build.0 = Release|Win32
	EndGlobalSection
	GlobalSection(SolutionProperties) = preSolution
		HideSolutionNode = FALSE
	EndGlobalSection
	GlobalSection(ExtensibilityGlobals) = postSolution
		SolutionGuid = {DA24ABB5-A3B7-414F-ABE1-92DE7B0B1A98}
	EndGlobalSection
EndGlobal
